# THIS IS AN AUTOGENERATED FILE. DO NOT EDIT THIS FILE DIRECTLY.
# yarn lockfile v1


ml-array-utils@^0.3.0:
  version "0.3.0"
  resolved "https://registry.yarnpkg.com/ml-array-utils/-/ml-array-utils-0.3.0.tgz#c0cc5afdc1cb051f5a83b1ce71641c243672f649"
  dependencies:
    ml-stat "^1.0.1"

ml-matrix@^2.0.0:
  version "2.3.0"
  resolved "https://registry.yarnpkg.com/ml-matrix/-/ml-matrix-2.3.0.tgz#df4601670a6735068ee9a6dbf23c094c1d3ece29"
  dependencies:
    ml-array-utils "^0.3.0"

ml-pca@^1.1.2:
  version "1.1.2"
  resolved "https://registry.yarnpkg.com/ml-pca/-/ml-pca-1.1.2.tgz#1ce0af1763635d404819840b09d330b67a2b4a6a"
  dependencies:
    ml-matrix "^2.0.0"
    ml-stat "^1.1.0"

ml-stat@^1.0.1, ml-stat@^1.1.0:
  version "1.3.3"
  resolved "https://registry.yarnpkg.com/ml-stat/-/ml-stat-1.3.3.tgz#8a5493b0f67382fbf705c260e070436655a7dcfa"
